
Microsoft Visual Studio Solution File, Format Version 12.00
# Visual Studio 15
VisualStudioVersion = 15.0.27703.2047
MinimumVisualStudioVersion = 10.0.40219.1
Project("{FAE04EC0-301F-11D3-BF4B-00C04F79EFBC}") = "PigLatinTranslator", "PigLatinTranslator\PigLatinTranslator.csproj", "{AF2852EB-D7A7-4F1A-ACDA-257CF0EA9601}"
EndProject
Global
	GlobalSection(SolutionConfigurationPlatforms) = preSolution
		Debug|Any CPU = Debug|Any CPU
		Release|Any CPU = Release|Any CPU
	EndGlobalSection
	GlobalSection(ProjectConfigurationPlatforms) = postSolution
		{AF2852EB-D7A7-4F1A-ACDA-257CF0EA9601}.Debug|Any CPU.ActiveCfg = Debug|Any CPU
		{AF2852EB-D7A7-4F1A-ACDA-257CF0EA9601}.Debug|Any CPU.Build.0 = Debug|Any CPU
		{AF2852EB-D7A7-4F1A-ACDA-257CF0EA9601}.Release|Any CPU.ActiveCfg = Release|Any CPU
		{AF2852EB-D7A7-4F1A-ACDA-257CF0EA9601}.Release|Any CPU.Build.0 = Release|Any CPU
	EndGlobalSection
	GlobalSection(SolutionProperties) = preSolution
		HideSolutionNode = FALSE
	EndGlobalSection
	GlobalSection(ExtensibilityGlobals) = postSolution
		SolutionGuid = {157126DC-4158-4A3F-978C-FF4D145C8D7F}
	EndGlobalSection
EndGlobal
